# The prebuilt dev enclave the e2e boots from: a release of BitspendPayment/enclave-runtime, made
# by its "Publish a dev enclave" workflow with no image options — the bundle carries nothing of
# this repository's, and the e2e gives the cosigner its settings at boot. `make enclave-bundle`
# fetches it into .enclave/ and refuses a tarball whose sha256 is not this one. Shell syntax;
# sourced by make.
RELEASE=dev-enclave-dev-be65bd7
SHA256=21593b6fc49239be30a84b45bf5f654790b59df975318c40734e67de49cbfa97
